
Microsoft Visual Studio Solution File, Format Version 12.00
# Visual Studio Version 17
VisualStudioVersion = 17.14.36518.9 d17.14
MinimumVisualStudioVersion = 10.0.40219.1
Project("{FAE04EC0-301F-11D3-BF4B-00C04F79EFBC}") = "BookStoreApp", "BookStoreApp.csproj", "{56F7550A-8635-4AD9-A4C1-74FE9CE0CA29}"
EndProject
Global
	GlobalSection(SolutionConfigurationPlatforms) = preSolution
		Debug|Any CPU = Debug|Any CPU
		Release|Any CPU = Release|Any CPU
	EndGlobalSection
	GlobalSection(ProjectConfigurationPlatforms) = postSolution
		{56F7550A-8635-4AD9-A4C1-74FE9CE0CA29}.Debug|Any CPU.ActiveCfg = Debug|Any CPU
		{56F7550A-8635-4AD9-A4C1-74FE9CE0CA29}.Debug|Any CPU.Build.0 = Debug|Any CPU
		{56F7550A-8635-4AD9-A4C1-74FE9CE0CA29}.Release|Any CPU.ActiveCfg = Release|Any CPU
		{56F7550A-8635-4AD9-A4C1-74FE9CE0CA29}.Release|Any CPU.Build.0 = Release|Any CPU
	EndGlobalSection
	GlobalSection(SolutionProperties) = preSolution
		HideSolutionNode = FALSE
	EndGlobalSection
	GlobalSection(ExtensibilityGlobals) = postSolution
		SolutionGuid = {8B321E0D-F130-4161-93F6-C6AE5C9AA1C8}
	EndGlobalSection
EndGlobal
